
Microsoft Visual Studio Solution File, Format Version 12.00
# Visual Studio 15
VisualStudioVersion = 15.0.28307.271
MinimumVisualStudioVersion = 10.0.40219.1
Project("{FAE04EC0-301F-11D3-BF4B-00C04F79EFBC}") = "Apophenia", "Apophenia\Apophenia.csproj", "{C94F0F6F-9782-4E0F-8C6D-D684F620F83C}"
EndProject
Global
	GlobalSection(SolutionConfigurationPlatforms) = preSolution
		Debug|Any CPU = Debug|Any CPU
		Release|Any CPU = Release|Any CPU
	EndGlobalSection
	GlobalSection(ProjectConfigurationPlatforms) = postSolution
		{C94F0F6F-9782-4E0F-8C6D-D684F620F83C}.Debug|Any CPU.ActiveCfg = Debug|Any CPU
		{C94F0F6F-9782-4E0F-8C6D-D684F620F83C}.Debug|Any CPU.Build.0 = Debug|Any CPU
		{C94F0F6F-9782-4E0F-8C6D-D684F620F83C}.Release|Any CPU.ActiveCfg = Release|Any CPU
		{C94F0F6F-9782-4E0F-8C6D-D684F620F83C}.Release|Any CPU.Build.0 = Release|Any CPU
	EndGlobalSection
	GlobalSection(SolutionProperties) = preSolution
		HideSolutionNode = FALSE
	EndGlobalSection
	GlobalSection(ExtensibilityGlobals) = postSolution
		SolutionGuid = {62872D33-5C72-441A-8B34-D05D52248101}
	EndGlobalSection
EndGlobal
